
Microsoft Visual Studio Solution File, Format Version 12.00
# Visual Studio Version 16
VisualStudioVersion = 16.0.30517.126
MinimumVisualStudioVersion = 10.0.40219.1
Project("{FAE04EC0-301F-11D3-BF4B-00C04F79EFBC}") = "STUDENTS", "STUDENTS\STUDENTS.csproj", "{38A9808F-807B-437F-B588-9D2B32E216A0}"
EndProject
Global
	GlobalSection(SolutionConfigurationPlatforms) = preSolution
		Debug|Any CPU = Debug|Any CPU
		Release|Any CPU = Release|Any CPU
	EndGlobalSection
	GlobalSection(ProjectConfigurationPlatforms) = postSolution
		{38A9808F-807B-437F-B588-9D2B32E216A0}.Debug|Any CPU.ActiveCfg = Debug|Any CPU
		{38A9808F-807B-437F-B588-9D2B32E216A0}.Debug|Any CPU.Build.0 = Debug|Any CPU
		{38A9808F-807B-437F-B588-9D2B32E216A0}.Release|Any CPU.ActiveCfg = Release|Any CPU
		{38A9808F-807B-437F-B588-9D2B32E216A0}.Release|Any CPU.Build.0 = Release|Any CPU
	EndGlobalSection
	GlobalSection(SolutionProperties) = preSolution
		HideSolutionNode = FALSE
	EndGlobalSection
	GlobalSection(ExtensibilityGlobals) = postSolution
		SolutionGuid = {6143BC38-1C19-40F2-B95C-91888AB04D6E}
	EndGlobalSection
EndGlobal
